
Microsoft Visual Studio Solution File, Format Version 12.00
# Visual Studio 2017
Project("{FAE04EC0-301F-11D3-BF4B-00C04F79EFBC}") = "coredemo", "coredemo.csproj", "{A819E8AF-3EED-410D-B8CB-5D062EA64690}"
EndProject
Global
	GlobalSection(SolutionConfigurationPlatforms) = preSolution
		Debug|Any CPU = Debug|Any CPU
		Release|Any CPU = Release|Any CPU
	EndGlobalSection
	GlobalSection(ProjectConfigurationPlatforms) = postSolution
		{A819E8AF-3EED-410D-B8CB-5D062EA64690}.Debug|Any CPU.ActiveCfg = Debug|Any CPU
		{A819E8AF-3EED-410D-B8CB-5D062EA64690}.Debug|Any CPU.Build.0 = Debug|Any CPU
		{A819E8AF-3EED-410D-B8CB-5D062EA64690}.Release|Any CPU.ActiveCfg = Release|Any CPU
		{A819E8AF-3EED-410D-B8CB-5D062EA64690}.Release|Any CPU.Build.0 = Release|Any CPU
	EndGlobalSection
EndGlobal
